// !$*UTF8*$!
{
	archiveVersion = 1;
	classes = {
	};
	objectVersion = 50;
	objects = {

/* Begin PBXBuildFile section */
		A1588DE02289C1C100749F96 /* AppDelegate.swift in Sources */ = {isa = PBXBuildFile; fileRef = A1588DDF2289C1C100749F96 /* AppDelegate.swift */; };
		A1588DE22289C1C100749F96 /* ViewController.swift in Sources */ = {isa = PBXBuildFile; fileRef = A1588DE12289C1C100749F96 /* ViewController.swift */; };
		A1588DE52289C1C100749F96 /* Main.storyboard in Resources */ = {isa = PBXBuildFile; fileRef = A1588DE32289C1C100749F96 /* Main.storyboard */; };
		A1588DE72289C1C200749F96 /* Assets.xcassets in Resources */ = {isa = PBXBuildFile; fileRef = A1588DE62289C1C200749F96 /* Assets.xcassets */; };
		A1588DEA2289C1C200749F96 /* LaunchScreen.storyboard in Resources */ = {isa = PBXBuildFile; fileRef = A1588DE82289C1C200749F96 /* LaunchScreen.storyboard */; };
		A1588DF72289D5BD00749F96 /* Extensions.swift in Sources */ = {isa = PBXBuildFile; fileRef = A1588DF62289D5BD00749F96 /* Extensions.swift */; };
		A1588DF92289D5CE00749F96 /* StringExtension.swift in Sources */ = {isa = PBXBuildFile; fileRef = A1588DF82289D5CE00749F96 /* StringExtension.swift */; };
		A1588DFB2289D5E000749F96 /* SampleData.swift in Sources */ = {isa = PBXBuildFile; fileRef = A1588DFA2289D5E000749F96 /* SampleData.swift */; };
		A1588DFE2289D5F800749F96 /* Enums.swift in Sources */ = {isa = PBXBuildFile; fileRef = A1588DFD2289D5F800749F96 /* Enums.swift */; };
		A1588E012289D61000749F96 /* Student.swift in Sources */ = {isa = PBXBuildFile; fileRef = A1588E002289D61000749F96 /* Student.swift */; };
		A1588E032289D61800749F96 /* Teacher.swift in Sources */ = {isa = PBXBuildFile; fileRef = A1588E022289D61800749F96 /* Teacher.swift */; };
		A1588E052289D62300749F96 /* Subject.swift in Sources */ = {isa = PBXBuildFile; fileRef = A1588E042289D62300749F96 /* Subject.swift */; };
		A1588E132289D85200749F96 /* TeacherViewCell.swift in Sources */ = {isa = PBXBuildFile; fileRef = A1588E122289D85200749F96 /* TeacherViewCell.swift */; };
		A1588E152289D86E00749F96 /* TeachersViewController.swift in Sources */ = {isa = PBXBuildFile; fileRef = A1588E142289D86E00749F96 /* TeachersViewController.swift */; };
		A1588E1A2289D8AD00749F96 /* StudentViewCell.swift in Sources */ = {isa = PBXBuildFile; fileRef = A1588E192289D8AD00749F96 /* StudentViewCell.swift */; };
		A1588E1C2289D8C600749F96 /* StudentsViewController.swift in Sources */ = {isa = PBXBuildFile; fileRef = A1588E1B2289D8C600749F96 /* StudentsViewController.swift */; };
		A173581C228D67B100175727 /* SubjectDetailViewController.swift in Sources */ = {isa = PBXBuildFile; fileRef = A173581B228D67B100175727 /* SubjectDetailViewController.swift */; };
		A18F14BF228DA5A600F97993 /* Students.storyboard in Resources */ = {isa = PBXBuildFile; fileRef = A18F14BE228DA5A600F97993 /* Students.storyboard */; };
		A1ED1B47228AA55200985048 /* Localizable.strings in Resources */ = {isa = PBXBuildFile; fileRef = A1ED1B46228AA55200985048 /* Localizable.strings */; };
		A1ED1B51228AA99C00985048 /* SubjectViewCell.swift in Sources */ = {isa = PBXBuildFile; fileRef = A1ED1B50228AA99C00985048 /* SubjectViewCell.swift */; };
		A1ED1B53228AAB9300985048 /* SubjectsViewController.swift in Sources */ = {isa = PBXBuildFile; fileRef = A1ED1B52228AAB9300985048 /* SubjectsViewController.swift */; };
		A1ED1B55228AB79200985048 /* Subjects.storyboard in Resources */ = {isa = PBXBuildFile; fileRef = A1ED1B54228AB79200985048 /* Subjects.storyboard */; };
/* End PBXBuildFile section */

/* Begin PBXFileReference section */
		A1588DDC2289C1C100749F96 /* Aplicacion_iOS.app */ = {isa = PBXFileReference; explicitFileType = wrapper.application; includeInIndex = 0; path = Aplicacion_iOS.app; sourceTree = BUILT_PRODUCTS_DIR; };
		A1588DDF2289C1C100749F96 /* AppDelegate.swift */ = {isa = PBXFileReference; lastKnownFileType = sourcecode.swift; path = AppDelegate.swift; sourceTree = "<group>"; };
		A1588DE12289C1C100749F96 /* ViewController.swift */ = {isa = PBXFileReference; lastKnownFileType = sourcecode.swift; path = ViewController.swift; sourceTree = "<group>"; };
		A1588DE42289C1C100749F96 /* Base */ = {isa = PBXFileReference; lastKnownFileType = file.storyboard; name = Base; path = Base.lproj/Main.storyboard; sourceTree = "<group>"; };
		A1588DE62289C1C200749F96 /* Assets.xcassets */ = {isa = PBXFileReference; lastKnownFileType = folder.assetcatalog; path = Assets.xcassets; sourceTree = "<group>"; };
		A1588DE92289C1C200749F96 /* Base */ = {isa = PBXFileReference; lastKnownFileType = file.storyboard; name = Base; path = Base.lproj/LaunchScreen.storyboard; sourceTree = "<group>"; };
		A1588DEB2289C1C200749F96 /* Info.plist */ = {isa = PBXFileReference; lastKnownFileType = text.plist.xml; path = Info.plist; sourceTree = "<group>"; };
		A1588DF62289D5BD00749F96 /* Extensions.swift */ = {isa = PBXFileReference; lastKnownFileType = sourcecode.swift; path = Extensions.swift; sourceTree = "<group>"; };
		A1588DF82289D5CE00749F96 /* StringExtension.swift */ = {isa = PBXFileReference; lastKnownFileType = sourcecode.swift; path = StringExtension.swift; sourceTree = "<group>"; };
		A1588DFA2289D5E000749F96 /* SampleData.swift */ = {isa = PBXFileReference; lastKnownFileType = sourcecode.swift; path = SampleData.swift; sourceTree = "<group>"; };
		A1588DFD2289D5F800749F96 /* Enums.swift */ = {isa = PBXFileReference; lastKnownFileType = sourcecode.swift; path = Enums.swift; sourceTree = "<group>"; };
		A1588E002289D61000749F96 /* Student.swift */ = {isa = PBXFileReference; lastKnownFileType = sourcecode.swift; path = Student.swift; sourceTree = "<group>"; };
		A1588E022289D61800749F96 /* Teacher.swift */ = {isa = PBXFileReference; lastKnownFileType = sourcecode.swift; path = Teacher.swift; sourceTree = "<group>"; };
		A1588E042289D62300749F96 /* Subject.swift */ = {isa = PBXFileReference; lastKnownFileType = sourcecode.swift; path = Subject.swift; sourceTree = "<group>"; };
		A1588E122289D85200749F96 /* TeacherViewCell.swift */ = {isa = PBXFileReference; lastKnownFileType = sourcecode.swift; path = TeacherViewCell.swift; sourceTree = "<group>"; };
		A1588E142289D86E00749F96 /* TeachersViewController.swift */ = {isa = PBXFileReference; lastKnownFileType = sourcecode.swift; path = TeachersViewController.swift; sourceTree = "<group>"; };
		A1588E192289D8AD00749F96 /* StudentViewCell.swift */ = {isa = PBXFileReference; lastKnownFileType = sourcecode.swift; path = StudentViewCell.swift; sourceTree = "<group>"; };
		A1588E1B2289D8C600749F96 /* StudentsViewController.swift */ = {isa = PBXFileReference; lastKnownFileType = sourcecode.swift; path = StudentsViewController.swift; sourceTree = "<group>"; };
		A173581B228D67B100175727 /* SubjectDetailViewController.swift */ = {isa = PBXFileReference; lastKnownFileType = sourcecode.swift; path = SubjectDetailViewController.swift; sourceTree = "<group>"; };
		A18F14BE228DA5A600F97993 /* Students.storyboard */ = {isa = PBXFileReference; lastKnownFileType = file.storyboard; path = Students.storyboard; sourceTree = "<group>"; };
		A1ED1B46228AA55200985048 /* Localizable.strings */ = {isa = PBXFileReference; lastKnownFileType = text.plist.strings; path = Localizable.strings; sourceTree = "<group>"; };
		A1ED1B50228AA99C00985048 /* SubjectViewCell.swift */ = {isa = PBXFileReference; lastKnownFileType = sourcecode.swift; path = SubjectViewCell.swift; sourceTree = "<group>"; };
		A1ED1B52228AAB9300985048 /* SubjectsViewController.swift */ = {isa = PBXFileReference; lastKnownFileType = sourcecode.swift; path = SubjectsViewController.swift; sourceTree = "<group>"; };
		A1ED1B54228AB79200985048 /* Subjects.storyboard */ = {isa = PBXFileReference; lastKnownFileType = file.storyboard; path = Subjects.storyboard; sourceTree = "<group>"; };
/* End PBXFileReference section */

/* Begin PBXFrameworksBuildPhase section */
		A1588DD92289C1C100749F96 /* Frameworks */ = {
			isa = PBXFrameworksBuildPhase;
			buildActionMask = 2147483647;
			files = (
			);
			runOnlyForDeploymentPostprocessing = 0;
		};
/* End PBXFrameworksBuildPhase section */

/* Begin PBXGroup section */
		A1588DD32289C1C100749F96 = {
			isa = PBXGroup;
			children = (
				A1588DDE2289C1C100749F96 /* Aplicacion_iOS */,
				A1588DDD2289C1C100749F96 /* Products */,
			);
			sourceTree = "<group>";
		};
		A1588DDD2289C1C100749F96 /* Products */ = {
			isa = PBXGroup;
			children = (
				A1588DDC2289C1C100749F96 /* Aplicacion_iOS.app */,
			);
			name = Products;
			sourceTree = "<group>";
		};
		A1588DDE2289C1C100749F96 /* Aplicacion_iOS */ = {
			isa = PBXGroup;
			children = (
				A1588DEB2289C1C200749F96 /* Info.plist */,
				A1588DF52289D5A100749F96 /* App */,
				A1588DF42289D59000749F96 /* Extensions */,
				A1588DF32289D58300749F96 /* Data */,
				A1588DF22289D57900749F96 /* Features */,
				A1588DF12289D55D00749F96 /* Resources */,
			);
			path = Aplicacion_iOS;
			sourceTree = "<group>";
		};
		A1588DF12289D55D00749F96 /* Resources */ = {
			isa = PBXGroup;
			children = (
				A1588DE62289C1C200749F96 /* Assets.xcassets */,
				A1ED1B46228AA55200985048 /* Localizable.strings */,
			);
			path = Resources;
			sourceTree = "<group>";
		};
		A1588DF22289D57900749F96 /* Features */ = {
			isa = PBXGroup;
			children = (
				A1ED1B4D228AA86C00985048 /* Subjects */,
				A1588E072289D64F00749F96 /* Teachers */,
				A1588E062289D64600749F96 /* Students */,
				A1588E092289D66800749F96 /* Main */,
				A1588E082289D65B00749F96 /* Launch */,
			);
			path = Features;
			sourceTree = "<group>";
		};
		A1588DF32289D58300749F96 /* Data */ = {
			isa = PBXGroup;
			children = (
				A1588DFA2289D5E000749F96 /* SampleData.swift */,
				A1588DFD2289D5F800749F96 /* Enums.swift */,
				A1588DFF2289D5FF00749F96 /* Models */,
			);
			path = Data;
			sourceTree = "<group>";
		};
		A1588DF42289D59000749F96 /* Extensions */ = {
			isa = PBXGroup;
			children = (
				A1588DF62289D5BD00749F96 /* Extensions.swift */,
				A1588DF82289D5CE00749F96 /* StringExtension.swift */,
			);
			path = Extensions;
			sourceTree = "<group>";
		};
		A1588DF52289D5A100749F96 /* App */ = {
			isa = PBXGroup;
			children = (
				A1588DDF2289C1C100749F96 /* AppDelegate.swift */,
			);
			path = App;
			sourceTree = "<group>";
		};
		A1588DFF2289D5FF00749F96 /* Models */ = {
			isa = PBXGroup;
			children = (
				A1588E002289D61000749F96 /* Student.swift */,
				A1588E022289D61800749F96 /* Teacher.swift */,
				A1588E042289D62300749F96 /* Subject.swift */,
			);
			path = Models;
			sourceTree = "<group>";
		};
		A1588E062289D64600749F96 /* Students */ = {
			isa = PBXGroup;
			children = (
				A1588E172289D88C00749F96 /* Views */,
				A1588E162289D88300749F96 /* Controllers */,
			);
			path = Students;
			sourceTree = "<group>";
		};
		A1588E072289D64F00749F96 /* Teachers */ = {
			isa = PBXGroup;
			children = (
				A1588E102289D81800749F96 /* Views */,
				A1588E0F2289D80C00749F96 /* Controllers */,
			);
			path = Teachers;
			sourceTree = "<group>";
		};
		A1588E082289D65B00749F96 /* Launch */ = {
			isa = PBXGroup;
			children = (
				A1588E0E2289D6E300749F96 /* Views */,
			);
			path = Launch;
			sourceTree = "<group>";
		};
		A1588E092289D66800749F96 /* Main */ = {
			isa = PBXGroup;
			children = (
				A1588E0B2289D67F00749F96 /* Controller */,
				A1588E0A2289D67400749F96 /* Views */,
			);
			path = Main;
			sourceTree = "<group>";
		};
		A1588E0A2289D67400749F96 /* Views */ = {
			isa = PBXGroup;
			children = (
				A1588DE32289C1C100749F96 /* Main.storyboard */,
			);
			path = Views;
			sourceTree = "<group>";
		};
		A1588E0B2289D67F00749F96 /* Controller */ = {
			isa = PBXGroup;
			children = (
				A1588DE12289C1C100749F96 /* ViewController.swift */,
			);
			path = Controller;
			sourceTree = "<group>";
		};
		A1588E0E2289D6E300749F96 /* Views */ = {
			isa = PBXGroup;
			children = (
				A1588DE82289C1C200749F96 /* LaunchScreen.storyboard */,
			);
			path = Views;
			sourceTree = "<group>";
		};
		A1588E0F2289D80C00749F96 /* Controllers */ = {
			isa = PBXGroup;
			children = (
				A1588E142289D86E00749F96 /* TeachersViewController.swift */,
			);
			path = Controllers;
			sourceTree = "<group>";
		};
		A1588E102289D81800749F96 /* Views */ = {
			isa = PBXGroup;
			children = (
				A1588E112289D82800749F96 /* Cells */,
			);
			path = Views;
			sourceTree = "<group>";
		};
		A1588E112289D82800749F96 /* Cells */ = {
			isa = PBXGroup;
			children = (
				A1588E122289D85200749F96 /* TeacherViewCell.swift */,
			);
			path = Cells;
			sourceTree = "<group>";
		};
		A1588E162289D88300749F96 /* Controllers */ = {
			isa = PBXGroup;
			children = (
				A1588E1B2289D8C600749F96 /* StudentsViewController.swift */,
			);
			path = Controllers;
			sourceTree = "<group>";
		};
		A1588E172289D88C00749F96 /* Views */ = {
			isa = PBXGroup;
			children = (
				A1588E182289D89700749F96 /* Cells */,
			);
			path = Views;
			sourceTree = "<group>";
		};
		A1588E182289D89700749F96 /* Cells */ = {
			isa = PBXGroup;
			children = (
				A1588E192289D8AD00749F96 /* StudentViewCell.swift */,
				A18F14BE228DA5A600F97993 /* Students.storyboard */,
			);
			path = Cells;
			sourceTree = "<group>";
		};
		A1ED1B4D228AA86C00985048 /* Subjects */ = {
			isa = PBXGroup;
			children = (
				A1ED1B4F228AA88800985048 /* Views */,
				A1ED1B4E228AA88000985048 /* Controllers */,
			);
			path = Subjects;
			sourceTree = "<group>";
		};
		A1ED1B4E228AA88000985048 /* Controllers */ = {
			isa = PBXGroup;
			children = (
				A1ED1B52228AAB9300985048 /* SubjectsViewController.swift */,
				A173581B228D67B100175727 /* SubjectDetailViewController.swift */,
			);
			path = Controllers;
			sourceTree = "<group>";
		};
		A1ED1B4F228AA88800985048 /* Views */ = {
			isa = PBXGroup;
			children = (
				A1ED1B50228AA99C00985048 /* SubjectViewCell.swift */,
				A1ED1B54228AB79200985048 /* Subjects.storyboard */,
			);
			path = Views;
			sourceTree = "<group>";
		};
/* End PBXGroup section */

/* Begin PBXNativeTarget section */
		A1588DDB2289C1C100749F96 /* Aplicacion_iOS */ = {
			isa = PBXNativeTarget;
			buildConfigurationList = A1588DEE2289C1C200749F96 /* Build configuration list for PBXNativeTarget "Aplicacion_iOS" */;
			buildPhases = (
				A1588DD82289C1C100749F96 /* Sources */,
				A1588DD92289C1C100749F96 /* Frameworks */,
				A1588DDA2289C1C100749F96 /* Resources */,
			);
			buildRules = (
			);
			dependencies = (
			);
			name = Aplicacion_iOS;
			productName = Aplicacion_iOS;
			productReference = A1588DDC2289C1C100749F96 /* Aplicacion_iOS.app */;
			productType = "com.apple.product-type.application";
		};
/* End PBXNativeTarget section */

/* Begin PBXProject section */
		A1588DD42289C1C100749F96 /* Project object */ = {
			isa = PBXProject;
			attributes = {
				LastSwiftUpdateCheck = 0930;
				LastUpgradeCheck = 0930;
				ORGANIZATIONNAME = "Jorge Caro Poza";
				TargetAttributes = {
					A1588DDB2289C1C100749F96 = {
						CreatedOnToolsVersion = 9.3;
					};
				};
			};
			buildConfigurationList = A1588DD72289C1C100749F96 /* Build configuration list for PBXProject "Aplicacion_iOS" */;
			compatibilityVersion = "Xcode 9.3";
			developmentRegion = en;
			hasScannedForEncodings = 0;
			knownRegions = (
				en,
				Base,
			);
			mainGroup = A1588DD32289C1C100749F96;
			productRefGroup = A1588DDD2289C1C100749F96 /* Products */;
			projectDirPath = "";
			projectRoot = "";
			targets = (
				A1588DDB2289C1C100749F96 /* Aplicacion_iOS */,
			);
		};
/* End PBXProject section */

/* Begin PBXResourcesBuildPhase section */
		A1588DDA2289C1C100749F96 /* Resources */ = {
			isa = PBXResourcesBuildPhase;
			buildActionMask = 2147483647;
			files = (
				A1588DEA2289C1C200749F96 /* LaunchScreen.storyboard in Resources */,
				A1ED1B55228AB79200985048 /* Subjects.storyboard in Resources */,
				A1ED1B47228AA55200985048 /* Localizable.strings in Resources */,
				A1588DE72289C1C200749F96 /* Assets.xcassets in Resources */,
				A18F14BF228DA5A600F97993 /* Students.storyboard in Resources */,
				A1588DE52289C1C100749F96 /* Main.storyboard in Resources */,
			);
			runOnlyForDeploymentPostprocessing = 0;
		};
/* End PBXResourcesBuildPhase section */

/* Begin PBXSourcesBuildPhase section */
		A1588DD82289C1C100749F96 /* Sources */ = {
			isa = PBXSourcesBuildPhase;
			buildActionMask = 2147483647;
			files = (
				A1588E052289D62300749F96 /* Subject.swift in Sources */,
				A1588DF92289D5CE00749F96 /* StringExtension.swift in Sources */,
				A1588E132289D85200749F96 /* TeacherViewCell.swift in Sources */,
				A1ED1B51228AA99C00985048 /* SubjectViewCell.swift in Sources */,
				A1588DE22289C1C100749F96 /* ViewController.swift in Sources */,
				A1588DF72289D5BD00749F96 /* Extensions.swift in Sources */,
				A1588E152289D86E00749F96 /* TeachersViewController.swift in Sources */,
				A1588DFB2289D5E000749F96 /* SampleData.swift in Sources */,
				A1588E032289D61800749F96 /* Teacher.swift in Sources */,
				A1588E1A2289D8AD00749F96 /* StudentViewCell.swift in Sources */,
				A173581C228D67B100175727 /* SubjectDetailViewController.swift in Sources */,
				A1588DFE2289D5F800749F96 /* Enums.swift in Sources */,
				A1ED1B53228AAB9300985048 /* SubjectsViewController.swift in Sources */,
				A1588E012289D61000749F96 /* Student.swift in Sources */,
				A1588DE02289C1C100749F96 /* AppDelegate.swift in Sources */,
				A1588E1C2289D8C600749F96 /* StudentsViewController.swift in Sources */,
			);
			runOnlyForDeploymentPostprocessing = 0;
		};
/* End PBXSourcesBuildPhase section */

/* Begin PBXVariantGroup section */
		A1588DE32289C1C100749F96 /* Main.storyboard */ = {
			isa = PBXVariantGroup;
			children = (
				A1588DE42289C1C100749F96 /* Base */,
			);
			name = Main.storyboard;
			sourceTree = "<group>";
		};
		A1588DE82289C1C200749F96 /* LaunchScreen.storyboard */ = {
			isa = PBXVariantGroup;
			children = (
				A1588DE92289C1C200749F96 /* Base */,
			);
			name = LaunchScreen.storyboard;
			sourceTree = "<group>";
		};
/* End PBXVariantGroup section */

/* Begin XCBuildConfiguration section */
		A1588DEC2289C1C200749F96 /* Debug */ = {
			isa = XCBuildConfiguration;
			buildSettings = {
				ALWAYS_SEARCH_USER_PATHS = NO;
				CLANG_ANALYZER_NONNULL = YES;
				CLANG_ANALYZER_NUMBER_OBJECT_CONVERSION = YES_AGGRESSIVE;
				CLANG_CXX_LANGUAGE_STANDARD = "gnu++14";
				CLANG_CXX_LIBRARY = "libc++";
				CLANG_ENABLE_MODULES = YES;
				CLANG_ENABLE_OBJC_ARC = YES;
				CLANG_ENABLE_OBJC_WEAK = YES;
				CLANG_WARN_BLOCK_CAPTURE_AUTORELEASING = YES;
				CLANG_WARN_BOOL_CONVERSION = YES;
				CLANG_WARN_COMMA = YES;
				CLANG_WARN_CONSTANT_CONVERSION = YES;
				CLANG_WARN_DEPRECATED_OBJC_IMPLEMENTATIONS = YES;
				CLANG_WARN_DIRECT_OBJC_ISA_USAGE = YES_ERROR;
				CLANG_WARN_DOCUMENTATION_COMMENTS = YES;
				CLANG_WARN_EMPTY_BODY = YES;
				CLANG_WARN_ENUM_CONVERSION = YES;
				CLANG_WARN_INFINITE_RECURSION = YES;
				CLANG_WARN_INT_CONVERSION = YES;
				CLANG_WARN_NON_LITERAL_NULL_CONVERSION = YES;
				CLANG_WARN_OBJC_IMPLICIT_RETAIN_SELF = YES;
				CLANG_WARN_OBJC_LITERAL_CONVERSION = YES;
				CLANG_WARN_OBJC_ROOT_CLASS = YES_ERROR;
				CLANG_WARN_RANGE_LOOP_ANALYSIS = YES;
				CLANG_WARN_STRICT_PROTOTYPES = YES;
				CLANG_WARN_SUSPICIOUS_MOVE = YES;
				CLANG_WARN_UNGUARDED_AVAILABILITY = YES_AGGRESSIVE;
				CLANG_WARN_UNREACHABLE_CODE = YES;
				CLANG_WARN__DUPLICATE_METHOD_MATCH = YES;
				CODE_SIGN_IDENTITY = "iPhone Developer";
				COPY_PHASE_STRIP = NO;
				DEBUG_INFORMATION_FORMAT = dwarf;
				ENABLE_STRICT_OBJC_MSGSEND = YES;
				ENABLE_TESTABILITY = YES;
				GCC_C_LANGUAGE_STANDARD = gnu11;
				GCC_DYNAMIC_NO_PIC = NO;
				GCC_NO_COMMON_BLOCKS = YES;
				GCC_OPTIMIZATION_LEVEL = 0;
				GCC_PREPROCESSOR_DEFINITIONS = (
					"DEBUG=1",
					"$(inherited)",
				);
				GCC_WARN_64_TO_32_BIT_CONVERSION = YES;
				GCC_WARN_ABOUT_RETURN_TYPE = YES_ERROR;
				GCC_WARN_UNDECLARED_SELECTOR = YES;
				GCC_WARN_UNINITIALIZED_AUTOS = YES_AGGRESSIVE;
				GCC_WARN_UNUSED_FUNCTION = YES;
				GCC_WARN_UNUSED_VARIABLE = YES;
				IPHONEOS_DEPLOYMENT_TARGET = 11.3;
				MTL_ENABLE_DEBUG_INFO = YES;
				ONLY_ACTIVE_ARCH = YES;
				SDKROOT = iphoneos;
				SWIFT_ACTIVE_COMPILATION_CONDITIONS = DEBUG;
				SWIFT_OPTIMIZATION_LEVEL = "-Onone";
			};
			name = Debug;
		};
		A1588DED2289C1C200749F96 /* Release */ = {
			isa = XCBuildConfiguration;
			buildSettings = {
				ALWAYS_SEARCH_USER_PATHS = NO;
				CLANG_ANALYZER_NONNULL = YES;
				CLANG_ANALYZER_NUMBER_OBJECT_CONVERSION = YES_AGGRESSIVE;
				CLANG_CXX_LANGUAGE_STANDARD = "gnu++14";
				CLANG_CXX_LIBRARY = "libc++";
				CLANG_ENABLE_MODULES = YES;
				CLANG_ENABLE_OBJC_ARC = YES;
				CLANG_ENABLE_OBJC_WEAK = YES;
				CLANG_WARN_BLOCK_CAPTURE_AUTORELEASING = YES;
				CLANG_WARN_BOOL_CONVERSION = YES;
				CLANG_WARN_COMMA = YES;
				CLANG_WARN_CONSTANT_CONVERSION = YES;
				CLANG_WARN_DEPRECATED_OBJC_IMPLEMENTATIONS = YES;
				CLANG_WARN_DIRECT_OBJC_ISA_USAGE = YES_ERROR;
				CLANG_WARN_DOCUMENTATION_COMMENTS = YES;
				CLANG_WARN_EMPTY_BODY = YES;
				CLANG_WARN_ENUM_CONVERSION = YES;
				CLANG_WARN_INFINITE_RECURSION = YES;
				CLANG_WARN_INT_CONVERSION = YES;
				CLANG_WARN_NON_LITERAL_NULL_CONVERSION = YES;
				CLANG_WARN_OBJC_IMPLICIT_RETAIN_SELF = YES;
				CLANG_WARN_OBJC_LITERAL_CONVERSION = YES;
				CLANG_WARN_OBJC_ROOT_CLASS = YES_ERROR;
				CLANG_WARN_RANGE_LOOP_ANALYSIS = YES;
				CLANG_WARN_STRICT_PROTOTYPES = YES;
				CLANG_WARN_SUSPICIOUS_MOVE = YES;
				CLANG_WARN_UNGUARDED_AVAILABILITY = YES_AGGRESSIVE;
				CLANG_WARN_UNREACHABLE_CODE = YES;
				CLANG_WARN__DUPLICATE_METHOD_MATCH = YES;
				CODE_SIGN_IDENTITY = "iPhone Developer";
				COPY_PHASE_STRIP = NO;
				DEBUG_INFORMATION_FORMAT = "dwarf-with-dsym";
				ENABLE_NS_ASSERTIONS = NO;
				ENABLE_STRICT_OBJC_MSGSEND = YES;
				GCC_C_LANGUAGE_STANDARD = gnu11;
				GCC_NO_COMMON_BLOCKS = YES;
				GCC_WARN_64_TO_32_BIT_CONVERSION = YES;
				GCC_WARN_ABOUT_RETURN_TYPE = YES_ERROR;
				GCC_WARN_UNDECLARED_SELECTOR = YES;
				GCC_WARN_UNINITIALIZED_AUTOS = YES_AGGRESSIVE;
				GCC_WARN_UNUSED_FUNCTION = YES;
				GCC_WARN_UNUSED_VARIABLE = YES;
				IPHONEOS_DEPLOYMENT_TARGET = 11.3;
				MTL_ENABLE_DEBUG_INFO = NO;
				SDKROOT = iphoneos;
				SWIFT_COMPILATION_MODE = wholemodule;
				SWIFT_OPTIMIZATION_LEVEL = "-O";
				VALIDATE_PRODUCT = YES;
			};
			name = Release;
		};
		A1588DEF2289C1C200749F96 /* Debug */ = {
			isa = XCBuildConfiguration;
			buildSettings = {
				ASSETCATALOG_COMPILER_APPICON_NAME = AppIcon;
				CODE_SIGN_STYLE = Automatic;
				INFOPLIST_FILE = Aplicacion_iOS/Info.plist;
				LD_RUNPATH_SEARCH_PATHS = (
					"$(inherited)",
					"@executable_path/Frameworks",
				);
				PRODUCT_BUNDLE_IDENTIFIER = "com.ejemplo.Aplicacion-iOS";
				PRODUCT_NAME = "$(TARGET_NAME)";
				SWIFT_VERSION = 4.0;
				TARGETED_DEVICE_FAMILY = "1,2";
			};
			name = Debug;
		};
		A1588DF02289C1C200749F96 /* Release */ = {
			isa = XCBuildConfiguration;
			buildSettings = {
				ASSETCATALOG_COMPILER_APPICON_NAME = AppIcon;
				CODE_SIGN_STYLE = Automatic;
				INFOPLIST_FILE = Aplicacion_iOS/Info.plist;
				LD_RUNPATH_SEARCH_PATHS = (
					"$(inherited)",
					"@executable_path/Frameworks",
				);
				PRODUCT_BUNDLE_IDENTIFIER = "com.ejemplo.Aplicacion-iOS";
				PRODUCT_NAME = "$(TARGET_NAME)";
				SWIFT_VERSION = 4.0;
				TARGETED_DEVICE_FAMILY = "1,2";
			};
			name = Release;
		};
/* End XCBuildConfiguration section */

/* Begin XCConfigurationList section */
		A1588DD72289C1C100749F96 /* Build configuration list for PBXProject "Aplicacion_iOS" */ = {
			isa = XCConfigurationList;
			buildConfigurations = (
				A1588DEC2289C1C200749F96 /* Debug */,
				A1588DED2289C1C200749F96 /* Release */,
			);
			defaultConfigurationIsVisible = 0;
			defaultConfigurationName = Release;
		};
		A1588DEE2289C1C200749F96 /* Build configuration list for PBXNativeTarget "Aplicacion_iOS" */ = {
			isa = XCConfigurationList;
			buildConfigurations = (
				A1588DEF2289C1C200749F96 /* Debug */,
				A1588DF02289C1C200749F96 /* Release */,
			);
			defaultConfigurationIsVisible = 0;
			defaultConfigurationName = Release;
		};
/* End XCConfigurationList section */
	};
	rootObject = A1588DD42289C1C100749F96 /* Project object */;
}
